# THIS IS AN AUTOGENERATED FILE. DO NOT EDIT THIS FILE DIRECTLY.
# yarn lockfile v1


"@babel/runtime@^7.19.0":
  version "7.25.0"
  resolved "http://registry.m.jd.com/@babel/runtime/download/@babel/runtime-7.25.0.tgz#3af9a91c1b739c569d5d80cc917280919c544ecb"
  integrity sha1-OvmpHBtznFadXYDMkXKAkZxUTss=
  dependencies:
    regenerator-runtime "^0.14.0"

"@cspotcode/source-map-support@^0.8.0":
  version "0.8.1"
  resolved "http://registry.m.jd.com/@cspotcode/source-map-support/download/@cspotcode/source-map-support-0.8.1.tgz#00629c35a688e05a88b1cda684fb9d5e73f000a1"
  integrity sha1-AGKcNaaI4FqIsc2mhPudXnPwAKE=
  dependencies:
    "@jridgewell/trace-mapping" "0.3.9"

"@jridgewell/resolve-uri@^3.0.3":
  version "3.1.2"
  resolved "http://registry.m.jd.com/@jridgewell/resolve-uri/download/@jridgewell/resolve-uri-3.1.2.tgz#7a0ee601f60f99a20c7c7c5ff0c80388c1189bd6"
  integrity sha1-eg7mAfYPmaIMfHxf8MgDiMEYm9Y=

"@jridgewell/sourcemap-codec@^1.4.10":
  version "1.5.0"
  resolved "http://registry.m.jd.com/@jridgewell/sourcemap-codec/download/@jridgewell/sourcemap-codec-1.5.0.tgz#3188bcb273a414b0d215fd22a58540b989b9409a"
  integrity sha1-MYi8snOkFLDSFf0ipYVAuYm5QJo=

"@jridgewell/trace-mapping@0.3.9":
  version "0.3.9"
  resolved "http://registry.m.jd.com/@jridgewell/trace-mapping/download/@jridgewell/trace-mapping-0.3.9.tgz#6534fd5933a53ba7cbf3a17615e273a0d1273ff9"
  integrity sha1-ZTT9WTOlO6fL86F2FeJzoNEnP/k=
  dependencies:
    "@jridgewell/resolve-uri" "^3.0.3"
    "@jridgewell/sourcemap-codec" "^1.4.10"

"@tsconfig/node10@^1.0.7":
  version "1.0.11"
  resolved "http://registry.m.jd.com/@tsconfig/node10/download/@tsconfig/node10-1.0.11.tgz#6ee46400685f130e278128c7b38b7e031ff5b2f2"
  integrity sha1-buRkAGhfEw4ngSjHs4t+Ax/1svI=

"@tsconfig/node12@^1.0.7":
  version "1.0.11"
  resolved "http://registry.m.jd.com/@tsconfig/node12/download/@tsconfig/node12-1.0.11.tgz#ee3def1f27d9ed66dac6e46a295cffb0152e058d"
  integrity sha1-7j3vHyfZ7WbaxuRqKVz/sBUuBY0=

"@tsconfig/node14@^1.0.0":
  version "1.0.3"
  resolved "http://registry.m.jd.com/@tsconfig/node14/download/@tsconfig/node14-1.0.3.tgz#e4386316284f00b98435bf40f72f75a09dabf6c1"
  integrity sha1-5DhjFihPALmENb9A9y91oJ2r9sE=

"@tsconfig/node16@^1.0.2":
  version "1.0.4"
  resolved "http://registry.m.jd.com/@tsconfig/node16/download/@tsconfig/node16-1.0.4.tgz#0b92dcc0cc1c81f6f306a381f28e31b1a56536e9"
  integrity sha1-C5LcwMwcgfbzBqOB8o4xsaVlNuk=

"@types/strip-bom@^3.0.0":
  version "3.0.0"
  resolved "http://registry.m.jd.com/@types/strip-bom/download/@types/strip-bom-3.0.0.tgz#14a8ec3956c2e81edb7520790aecf21c290aebd2"
  integrity sha1-FKjsOVbC6B7bdSB5CuzyHCkK69I=

"@types/strip-json-comments@0.0.30":
  version "0.0.30"
  resolved "http://registry.m.jd.com/@types/strip-json-comments/download/@types/strip-json-comments-0.0.30.tgz#9aa30c04db212a9a0649d6ae6fd50accc40748a1"
  integrity sha1-mqMMBNshKpoGSdaub9UKzMQHSKE=

acorn-walk@^8.1.1:
  version "8.3.3"
  resolved "http://registry.m.jd.com/acorn-walk/download/acorn-walk-8.3.3.tgz#9caeac29eefaa0c41e3d4c65137de4d6f34df43e"
  integrity sha1-nK6sKe76oMQePUxlE33k1vNN9D4=
  dependencies:
    acorn "^8.11.0"

acorn@^8.11.0, acorn@^8.4.1:
  version "8.12.1"
  resolved "http://registry.m.jd.com/acorn/download/acorn-8.12.1.tgz#71616bdccbe25e27a54439e0046e89ca76df2248"
  integrity sha1-cWFr3MviXielRDngBG6JynbfIkg=

anymatch@~3.1.2:
  version "3.1.3"
  resolved "http://registry.m.jd.com/anymatch/download/anymatch-3.1.3.tgz#790c58b19ba1720a84205b57c618d5ad8524973e"
  integrity sha1-eQxYsZuhcgqEIFtXxhjVrYUklz4=
  dependencies:
    normalize-path "^3.0.0"
    picomatch "^2.0.4"

arg@^4.1.0:
  version "4.1.3"
  resolved "http://registry.m.jd.com/arg/download/arg-4.1.3.tgz#269fc7ad5b8e42cb63c896d5666017261c144089"
  integrity sha1-Jp/HrVuOQstjyJbVZmAXJhwUQIk=

balanced-match@^1.0.0:
  version "1.0.2"
  resolved "http://registry.m.jd.com/balanced-match/download/balanced-match-1.0.2.tgz#e83e3a7e3f300b34cb9d87f615fa0cbf357690ee"
  integrity sha1-6D46fj8wCzTLnYf2FfoMvzV2kO4=

binary-extensions@^2.0.0:
  version "2.3.0"
  resolved "http://registry.m.jd.com/binary-extensions/download/binary-extensions-2.3.0.tgz#f6e14a97858d327252200242d4ccfe522c445522"
  integrity sha1-9uFKl4WNMnJSIAJC1Mz+UixEVSI=

brace-expansion@^1.1.7:
  version "1.1.11"
  resolved "http://registry.m.jd.com/brace-expansion/download/brace-expansion-1.1.11.tgz#3c7fcbf529d87226f3d2f52b966ff5271eb441dd"
  integrity sha1-PH/L9SnYcibz0vUrlm/1Jx60Qd0=
  dependencies:
    balanced-match "^1.0.0"
    concat-map "0.0.1"

braces@~3.0.2:
  version "3.0.3"
  resolved "http://registry.m.jd.com/braces/download/braces-3.0.3.tgz#490332f40919452272d55a8480adc0c441358789"
  integrity sha1-SQMy9AkZRSJy1VqEgK3AxEE1h4k=
  dependencies:
    fill-range "^7.1.1"

buffer-from@^1.0.0:
  version "1.1.2"
  resolved "http://registry.m.jd.com/buffer-from/download/buffer-from-1.1.2.tgz#2b146a6fd72e80b4f55d255f35ed59a3a9a41bd5"
  integrity sha1-KxRqb9cugLT1XSVfNe1Zo6mkG9U=

chokidar@^3.5.1:
  version "3.6.0"
  resolved "http://registry.m.jd.com/chokidar/download/chokidar-3.6.0.tgz#197c6cc669ef2a8dc5e7b4d97ee4e092c3eb0d5b"
  integrity sha1-GXxsxmnvKo3F57TZfuTgksPrDVs=
  dependencies:
    anymatch "~3.1.2"
    braces "~3.0.2"
    glob-parent "~5.1.2"
    is-binary-path "~2.1.0"
    is-glob "~4.0.1"
    normalize-path "~3.0.0"
    readdirp "~3.6.0"
  optionalDependencies:
    fsevents "~2.3.2"

concat-map@0.0.1:
  version "0.0.1"
  resolved "http://registry.m.jd.com/concat-map/download/concat-map-0.0.1.tgz#d8a96bd77fd68df7793a73036a3ba0d5405d477b"
  integrity sha1-2Klr13/Wjfd5OnMDajug1UBdR3s=

create-require@^1.1.0:
  version "1.1.1"
  resolved "http://registry.m.jd.com/create-require/download/create-require-1.1.1.tgz#c1d7e8f1e5f6cfc9ff65f9cd352d37348756c333"
  integrity sha1-wdfo8eX2z8n/ZfnNNS03NIdWwzM=

diff@^4.0.1:
  version "4.0.2"
  resolved "http://registry.m.jd.com/diff/download/diff-4.0.2.tgz#60f3aecb89d5fae520c11aa19efc2bb982aade7d"
  integrity sha1-YPOuy4nV+uUgwRqhnvwruYKq3n0=

dynamic-dedupe@^0.3.0:
  version "0.3.0"
  resolved "http://registry.m.jd.com/dynamic-dedupe/download/dynamic-dedupe-0.3.0.tgz#06e44c223f5e4e94d78ef9db23a6515ce2f962a1"
  integrity sha1-BuRMIj9eTpTXjvnbI6ZRXOL5YqE=
  dependencies:
    xtend "^4.0.0"

fill-range@^7.1.1:
  version "7.1.1"
  resolved "http://registry.m.jd.com/fill-range/download/fill-range-7.1.1.tgz#44265d3cac07e3ea7dc247516380643754a05292"
  integrity sha1-RCZdPKwH4+p9wkdRY4BkN1SgUpI=
  dependencies:
    to-regex-range "^5.0.1"

fs.realpath@^1.0.0:
  version "1.0.0"
  resolved "http://registry.m.jd.com/fs.realpath/download/fs.realpath-1.0.0.tgz#1504ad2523158caa40db4a2787cb01411994ea4f"
  integrity sha1-FQStJSMVjKpA20onh8sBQRmU6k8=

fsevents@~2.3.2:
  version "2.3.3"
  resolved "http://registry.m.jd.com/fsevents/download/fsevents-2.3.3.tgz#cac6407785d03675a2a5e1a5305c697b347d90d6"
  integrity sha1-ysZAd4XQNnWipeGlMFxpezR9kNY=

function-bind@^1.1.2:
  version "1.1.2"
  resolved "http://registry.m.jd.com/function-bind/download/function-bind-1.1.2.tgz#2c02d864d97f3ea6c8830c464cbd11ab6eab7a1c"
  integrity sha1-LALYZNl/PqbIgwxGTL0Rq26rehw=

glob-parent@~5.1.2:
  version "5.1.2"
  resolved "http://registry.m.jd.com/glob-parent/download/glob-parent-5.1.2.tgz#869832c58034fe68a4093c17dc15e8340d8401c4"
  integrity sha1-hpgyxYA0/mikCTwX3BXoNA2EAcQ=
  dependencies:
    is-glob "^4.0.1"

glob@^7.1.3:
  version "7.2.3"
  resolved "http://registry.m.jd.com/glob/download/glob-7.2.3.tgz#b8df0fb802bbfa8e89bd1d938b4e16578ed44f2b"
  integrity sha1-uN8PuAK7+o6JvR2Ti04WV47UTys=
  dependencies:
    fs.realpath "^1.0.0"
    inflight "^1.0.4"
    inherits "2"
    minimatch "^3.1.1"
    once "^1.3.0"
    path-is-absolute "^1.0.0"

hasown@^2.0.2:
  version "2.0.2"
  resolved "http://registry.m.jd.com/hasown/download/hasown-2.0.2.tgz#003eaf91be7adc372e84ec59dc37252cedb80003"
  integrity sha1-AD6vkb563DcuhOxZ3DclLO24AAM=
  dependencies:
    function-bind "^1.1.2"

inflight@^1.0.4:
  version "1.0.6"
  resolved "http://registry.m.jd.com/inflight/download/inflight-1.0.6.tgz#49bd6331d7d02d0c09bc910a1075ba8165b56df9"
  integrity sha1-Sb1jMdfQLQwJvJEKEHW6gWW1bfk=
  dependencies:
    once "^1.3.0"
    wrappy "1"

inherits@2:
  version "2.0.4"
  resolved "http://registry.m.jd.com/inherits/download/inherits-2.0.4.tgz#0fa2c64f932917c3433a0ded55363aae37416b7c"
  integrity sha1-D6LGT5MpF8NDOg3tVTY6rjdBa3w=

is-binary-path@~2.1.0:
  version "2.1.0"
  resolved "http://registry.m.jd.com/is-binary-path/download/is-binary-path-2.1.0.tgz#ea1f7f3b80f064236e83470f86c09c254fb45b09"
  integrity sha1-6h9/O4DwZCNug0cPhsCcJU+0Wwk=
  dependencies:
    binary-extensions "^2.0.0"

is-core-module@^2.13.0:
  version "2.15.0"
  resolved "http://registry.m.jd.com/is-core-module/download/is-core-module-2.15.0.tgz#71c72ec5442ace7e76b306e9d48db361f22699ea"
  integrity sha1-cccuxUQqzn52swbp1I2zYfImmeo=
  dependencies:
    hasown "^2.0.2"

is-extglob@^2.1.1:
  version "2.1.1"
  resolved "http://registry.m.jd.com/is-extglob/download/is-extglob-2.1.1.tgz#a88c02535791f02ed37c76a1b9ea9773c833f8c2"
  integrity sha1-qIwCU1eR8C7TfHahueqXc8gz+MI=

is-glob@^4.0.1, is-glob@~4.0.1:
  version "4.0.3"
  resolved "http://registry.m.jd.com/is-glob/download/is-glob-4.0.3.tgz#64f61e42cbbb2eec2071a9dac0b28ba1e65d5084"
  integrity sha1-ZPYeQsu7LuwgcanawLKLoeZdUIQ=
  dependencies:
    is-extglob "^2.1.1"

is-number@^7.0.0:
  version "7.0.0"
  resolved "http://registry.m.jd.com/is-number/download/is-number-7.0.0.tgz#7535345b896734d5f80c4d06c50955527a14f12b"
  integrity sha1-dTU0W4lnNNX4DE0GxQlVUnoU8Ss=

make-error@^1.1.1:
  version "1.3.6"
  resolved "http://registry.m.jd.com/make-error/download/make-error-1.3.6.tgz#2eb2e37ea9b67c4891f684a1394799af484cf7a2"
  integrity sha1-LrLjfqm2fEiR9oShOUeZr0hM96I=

minimatch@^3.1.1:
  version "3.1.2"
  resolved "http://registry.m.jd.com/minimatch/download/minimatch-3.1.2.tgz#19cd194bfd3e428f049a70817c038d89ab4be35b"
  integrity sha1-Gc0ZS/0+Qo8EmnCBfAONiatL41s=
  dependencies:
    brace-expansion "^1.1.7"

minimist@^1.2.5:
  version "1.2.8"
  resolved "http://registry.m.jd.com/minimist/download/minimist-1.2.8.tgz#c1a464e7693302e082a075cee0c057741ac4772c"
  integrity sha1-waRk52kzAuCCoHXO4MBXdBrEdyw=

mkdirp@^1.0.4:
  version "1.0.4"
  resolved "http://registry.m.jd.com/mkdirp/download/mkdirp-1.0.4.tgz#3eb5ed62622756d79a5f0e2a221dfebad75c2f7e"
  integrity sha1-PrXtYmInVteaXw4qIh3+utdcL34=

mobx@^6.6.2:
  version "6.13.0"
  resolved "http://registry.m.jd.com/mobx/download/mobx-6.13.0.tgz#791446e1a75f643aa2e7b96163e3d0bb237e91c1"
  integrity sha1-eRRG4adfZDqi57lhY+PQuyN+kcE=

normalize-path@^3.0.0, normalize-path@~3.0.0:
  version "3.0.0"
  resolved "http://registry.m.jd.com/normalize-path/download/normalize-path-3.0.0.tgz#0dcd69ff23a1c9b11fd0978316644a0388216a65"
  integrity sha1-Dc1p/yOhybEf0JeDFmRKA4ghamU=

once@^1.3.0:
  version "1.4.0"
  resolved "http://registry.m.jd.com/once/download/once-1.4.0.tgz#583b1aa775961d4b113ac17d9c50baef9dd76bd1"
  integrity sha1-WDsap3WWHUsROsF9nFC6753Xa9E=
  dependencies:
    wrappy "1"

path-is-absolute@^1.0.0:
  version "1.0.1"
  resolved "http://registry.m.jd.com/path-is-absolute/download/path-is-absolute-1.0.1.tgz#174b9268735534ffbc7ace6bf53a5a9e1b5c5f5f"
  integrity sha1-F0uSaHNVNP+8es5r9TpanhtcX18=

path-parse@^1.0.7:
  version "1.0.7"
  resolved "http://registry.m.jd.com/path-parse/download/path-parse-1.0.7.tgz#fbc114b60ca42b30d9daf5858e4bd68bbedb6735"
  integrity sha1-+8EUtgykKzDZ2vWFjkvWi77bZzU=

picomatch@^2.0.4, picomatch@^2.2.1:
  version "2.3.1"
  resolved "http://registry.m.jd.com/picomatch/download/picomatch-2.3.1.tgz#3ba3833733646d9d3e4995946c1365a67fb07a42"
  integrity sha1-O6ODNzNkbZ0+SZWUbBNlpn+wekI=

readdirp@~3.6.0:
  version "3.6.0"
  resolved "http://registry.m.jd.com/readdirp/download/readdirp-3.6.0.tgz#74a370bd857116e245b29cc97340cd431a02a6c7"
  integrity sha1-dKNwvYVxFuJFspzJc0DNQxoCpsc=
  dependencies:
    picomatch "^2.2.1"

regenerator-runtime@^0.14.0:
  version "0.14.1"
  resolved "http://registry.m.jd.com/regenerator-runtime/download/regenerator-runtime-0.14.1.tgz#356ade10263f685dda125100cd862c1db895327f"
  integrity sha1-NWreECY/aF3aElEAzYYsHbiVMn8=

resolve@^1.0.0:
  version "1.22.8"
  resolved "http://registry.m.jd.com/resolve/download/resolve-1.22.8.tgz#b6c87a9f2aa06dfab52e3d70ac8cde321fa5a48d"
  integrity sha1-tsh6nyqgbfq1Lj1wrIzeMh+lpI0=
  dependencies:
    is-core-module "^2.13.0"
    path-parse "^1.0.7"
    supports-preserve-symlinks-flag "^1.0.0"

rimraf@^2.6.1:
  version "2.7.1"
  resolved "http://registry.m.jd.com/rimraf/download/rimraf-2.7.1.tgz#35797f13a7fdadc566142c29d4f07ccad483e3ec"
  integrity sha1-NXl/E6f9rcVmFCwp1PB8ytSD4+w=
  dependencies:
    glob "^7.1.3"

source-map-support@^0.5.12, source-map-support@^0.5.17:
  version "0.5.21"
  resolved "http://registry.m.jd.com/source-map-support/download/source-map-support-0.5.21.tgz#04fe7c7f9e1ed2d662233c28cb2b35b9f63f6e4f"
  integrity sha1-BP58f54e0tZiIzwoyys1ufY/bk8=
  dependencies:
    buffer-from "^1.0.0"
    source-map "^0.6.0"

source-map@^0.6.0:
  version "0.6.1"
  resolved "http://registry.m.jd.com/source-map/download/source-map-0.6.1.tgz#74722af32e9614e9c287a8d0bbde48b5e2f1a263"
  integrity sha1-dHIq8y6WFOnCh6jQu95IteLxomM=

strip-bom@^3.0.0:
  version "3.0.0"
  resolved "http://registry.m.jd.com/strip-bom/download/strip-bom-3.0.0.tgz#2334c18e9c759f7bdd56fdef7e9ae3d588e68ed3"
  integrity sha1-IzTBjpx1n3vdVv3vfprj1YjmjtM=

strip-json-comments@^2.0.0:
  version "2.0.1"
  resolved "http://registry.m.jd.com/strip-json-comments/download/strip-json-comments-2.0.1.tgz#3c531942e908c2697c0ec344858c286c7ca0a60a"
  integrity sha1-PFMZQukIwml8DsNEhYwobHygpgo=

supports-preserve-symlinks-flag@^1.0.0:
  version "1.0.0"
  resolved "http://registry.m.jd.com/supports-preserve-symlinks-flag/download/supports-preserve-symlinks-flag-1.0.0.tgz#6eda4bd344a3c94aea376d4cc31bc77311039e09"
  integrity sha1-btpL00SjyUrqN21MwxvHcxEDngk=

to-regex-range@^5.0.1:
  version "5.0.1"
  resolved "http://registry.m.jd.com/to-regex-range/download/to-regex-range-5.0.1.tgz#1648c44aae7c8d988a326018ed72f5b4dd0392e4"
  integrity sha1-FkjESq58jZiKMmAY7XL1tN0DkuQ=
  dependencies:
    is-number "^7.0.0"

tree-kill@^1.2.2:
  version "1.2.2"
  resolved "http://registry.m.jd.com/tree-kill/download/tree-kill-1.2.2.tgz#4ca09a9092c88b73a7cdc5e8a01b507b0790a0cc"
  integrity sha1-TKCakJLIi3OnzcXooBtQeweQoMw=

ts-node-dev@^1.1.8:
  version "1.1.8"
  resolved "http://registry.m.jd.com/ts-node-dev/download/ts-node-dev-1.1.8.tgz#95520d8ab9d45fffa854d6668e2f8f9286241066"
  integrity sha1-lVINirnUX/+oVNZmji+PkoYkEGY=
  dependencies:
    chokidar "^3.5.1"
    dynamic-dedupe "^0.3.0"
    minimist "^1.2.5"
    mkdirp "^1.0.4"
    resolve "^1.0.0"
    rimraf "^2.6.1"
    source-map-support "^0.5.12"
    tree-kill "^1.2.2"
    ts-node "^9.0.0"
    tsconfig "^7.0.0"

ts-node@^10.6.0:
  version "10.9.2"
  resolved "http://registry.m.jd.com/ts-node/download/ts-node-10.9.2.tgz#70f021c9e185bccdca820e26dc413805c101c71f"
  integrity sha1-cPAhyeGFvM3Kgg4m3EE4BcEBxx8=
  dependencies:
    "@cspotcode/source-map-support" "^0.8.0"
    "@tsconfig/node10" "^1.0.7"
    "@tsconfig/node12" "^1.0.7"
    "@tsconfig/node14" "^1.0.0"
    "@tsconfig/node16" "^1.0.2"
    acorn "^8.4.1"
    acorn-walk "^8.1.1"
    arg "^4.1.0"
    create-require "^1.1.0"
    diff "^4.0.1"
    make-error "^1.1.1"
    v8-compile-cache-lib "^3.0.1"
    yn "3.1.1"

ts-node@^9.0.0:
  version "9.1.1"
  resolved "http://registry.m.jd.com/ts-node/download/ts-node-9.1.1.tgz#51a9a450a3e959401bda5f004a72d54b936d376d"
  integrity sha1-UamkUKPpWUAb2l8ASnLVS5NtN20=
  dependencies:
    arg "^4.1.0"
    create-require "^1.1.0"
    diff "^4.0.1"
    make-error "^1.1.1"
    source-map-support "^0.5.17"
    yn "3.1.1"

tsconfig@^7.0.0:
  version "7.0.0"
  resolved "http://registry.m.jd.com/tsconfig/download/tsconfig-7.0.0.tgz#84538875a4dc216e5c4a5432b3a4dec3d54e91b7"
  integrity sha1-hFOIdaTcIW5cSlQys6Tew9VOkbc=
  dependencies:
    "@types/strip-bom" "^3.0.0"
    "@types/strip-json-comments" "0.0.30"
    strip-bom "^3.0.0"
    strip-json-comments "^2.0.0"

typescript@^4.6.2:
  version "4.9.5"
  resolved "http://registry.m.jd.com/typescript/download/typescript-4.9.5.tgz#095979f9bcc0d09da324d58d03ce8f8374cbe65a"
  integrity sha1-CVl5+bzA0J2jJNWNA86Pg3TL5lo=

v8-compile-cache-lib@^3.0.1:
  version "3.0.1"
  resolved "http://registry.m.jd.com/v8-compile-cache-lib/download/v8-compile-cache-lib-3.0.1.tgz#6336e8d71965cb3d35a1bbb7868445a7c05264bf"
  integrity sha1-Yzbo1xllyz01obu3hoRFp8BSZL8=

wrappy@1:
  version "1.0.2"
  resolved "http://registry.m.jd.com/wrappy/download/wrappy-1.0.2.tgz#b5243d8f3ec1aa35f1364605bc0d1036e30ab69f"
  integrity sha1-tSQ9jz7BqjXxNkYFvA0QNuMKtp8=

xtend@^4.0.0:
  version "4.0.2"
  resolved "http://registry.m.jd.com/xtend/download/xtend-4.0.2.tgz#bb72779f5fa465186b1f438f674fa347fdb5db54"
  integrity sha1-u3J3n1+kZRhrH0OPZ0+jR/2121Q=

yn@3.1.1:
  version "3.1.1"
  resolved "http://registry.m.jd.com/yn/download/yn-3.1.1.tgz#1e87401a09d767c1d5eab26a6e4c185182d2eb50"
  integrity sha1-HodAGgnXZ8HV6rJqbkwYUYLS61A=
